
Microsoft Visual Studio Solution File, Format Version 12.00
# Visual Studio Version 17
VisualStudioVersion = 17.3.32929.385
MinimumVisualStudioVersion = 10.0.40219.1
Project("{FAE04EC0-301F-11D3-BF4B-00C04F79EFBC}") = "Dapper ORM practice", "Dapper ORM practice\Dapper ORM practice.csproj", "{300C3316-BA68-4E51-8362-64DD2A706918}"
EndProject
Project("{FAE04EC0-301F-11D3-BF4B-00C04F79EFBC}") = "Dapper_relationship", "Dapper_relationship\Dapper_relationship.csproj", "{93A0BB17-BBD9-4AC4-B2A5-D767FD1A777D}"
EndProject
Global
	GlobalSection(SolutionConfigurationPlatforms) = preSolution
		Debug|Any CPU = Debug|Any CPU
		Release|Any CPU = Release|Any CPU
	EndGlobalSection
	GlobalSection(ProjectConfigurationPlatforms) = postSolution
		{300C3316-BA68-4E51-8362-64DD2A706918}.Debug|Any CPU.ActiveCfg = Debug|Any CPU
		{300C3316-BA68-4E51-8362-64DD2A706918}.Debug|Any CPU.Build.0 = Debug|Any CPU
		{300C3316-BA68-4E51-8362-64DD2A706918}.Release|Any CPU.ActiveCfg = Release|Any CPU
		{300C3316-BA68-4E51-8362-64DD2A706918}.Release|Any CPU.Build.0 = Release|Any CPU
		{93A0BB17-BBD9-4AC4-B2A5-D767FD1A777D}.Debug|Any CPU.ActiveCfg = Debug|Any CPU
		{93A0BB17-BBD9-4AC4-B2A5-D767FD1A777D}.Debug|Any CPU.Build.0 = Debug|Any CPU
		{93A0BB17-BBD9-4AC4-B2A5-D767FD1A777D}.Release|Any CPU.ActiveCfg = Release|Any CPU
		{93A0BB17-BBD9-4AC4-B2A5-D767FD1A777D}.Release|Any CPU.Build.0 = Release|Any CPU
	EndGlobalSection
	GlobalSection(SolutionProperties) = preSolution
		HideSolutionNode = FALSE
	EndGlobalSection
	GlobalSection(ExtensibilityGlobals) = postSolution
		SolutionGuid = {01C3D2C9-65BA-40E4-8509-3A0993D1F318}
	EndGlobalSection
EndGlobal
